// !$*UTF8*$!
{
	archiveVersion = 1;
	classes = {
	};
	objectVersion = 56;
	objects = {

/* Begin PBXBuildFile section */
		180A627329CE333F006EF6A2 /* WeatherCardCell.swift in Sources */ = {isa = PBXBuildFile; fileRef = 180A627229CE333F006EF6A2 /* WeatherCardCell.swift */; };
		1818192329CB3D07008C1FA5 /* AppDelegate.swift in Sources */ = {isa = PBXBuildFile; fileRef = 1818192229CB3D07008C1FA5 /* AppDelegate.swift */; };
		1818192529CB3D07008C1FA5 /* SceneDelegate.swift in Sources */ = {isa = PBXBuildFile; fileRef = 1818192429CB3D07008C1FA5 /* SceneDelegate.swift */; };
		1818192729CB3D07008C1FA5 /* OnboardingViewController.swift in Sources */ = {isa = PBXBuildFile; fileRef = 1818192629CB3D07008C1FA5 /* OnboardingViewController.swift */; };
		1818192C29CB3D08008C1FA5 /* Assets.xcassets in Resources */ = {isa = PBXBuildFile; fileRef = 1818192B29CB3D08008C1FA5 /* Assets.xcassets */; };
		1818192F29CB3D08008C1FA5 /* LaunchScreen.storyboard in Resources */ = {isa = PBXBuildFile; fileRef = 1818192D29CB3D08008C1FA5 /* LaunchScreen.storyboard */; };
		1818193729CB4F40008C1FA5 /* Titles.swift in Sources */ = {isa = PBXBuildFile; fileRef = 1818193629CB4F40008C1FA5 /* Titles.swift */; };
		1818193C29CB66B2008C1FA5 /* Rubik-Regular.ttf in Resources */ = {isa = PBXBuildFile; fileRef = 1818193B29CB66B2008C1FA5 /* Rubik-Regular.ttf */; };
		1818193E29CB66CC008C1FA5 /* Rubik-Medium.ttf in Resources */ = {isa = PBXBuildFile; fileRef = 1818193D29CB66CC008C1FA5 /* Rubik-Medium.ttf */; };
		1818194029CB66EE008C1FA5 /* Rubik-SemiBold.ttf in Resources */ = {isa = PBXBuildFile; fileRef = 1818193F29CB66EE008C1FA5 /* Rubik-SemiBold.ttf */; };
		181EC3B229CCF5A700912050 /* UIResponder+extensions.swift in Sources */ = {isa = PBXBuildFile; fileRef = 181EC3B129CCF5A700912050 /* UIResponder+extensions.swift */; };
		181EC3B429CCFE7000912050 /* SettingsViewController.swift in Sources */ = {isa = PBXBuildFile; fileRef = 181EC3B329CCFE7000912050 /* SettingsViewController.swift */; };
		181EC3B629CD016D00912050 /* OrangeButton.swift in Sources */ = {isa = PBXBuildFile; fileRef = 181EC3B529CD016D00912050 /* OrangeButton.swift */; };
		181EC3B829CD077E00912050 /* SettingsView.swift in Sources */ = {isa = PBXBuildFile; fileRef = 181EC3B729CD077E00912050 /* SettingsView.swift */; };
		18246D0029CDEF8100516B01 /* MainScreenViewController.swift in Sources */ = {isa = PBXBuildFile; fileRef = 18246CFF29CDEF8100516B01 /* MainScreenViewController.swift */; };
		18246D0229CE04AD00516B01 /* DailyView.swift in Sources */ = {isa = PBXBuildFile; fileRef = 18246D0129CE04AD00516B01 /* DailyView.swift */; };
		183DA4DB29CF23E700821AB1 /* Fonts.swift in Sources */ = {isa = PBXBuildFile; fileRef = 183DA4DA29CF23E700821AB1 /* Fonts.swift */; };
		183DA4DD29CF25D500821AB1 /* UIButton+extensions.swift in Sources */ = {isa = PBXBuildFile; fileRef = 183DA4DC29CF25D500821AB1 /* UIButton+extensions.swift */; };
		183DA4DF29CF2A5900821AB1 /* WeatherCardsCollectionView.swift in Sources */ = {isa = PBXBuildFile; fileRef = 183DA4DE29CF2A5900821AB1 /* WeatherCardsCollectionView.swift */; };
		183DA4E329CF2D2C00821AB1 /* DailyCollectionView.swift in Sources */ = {isa = PBXBuildFile; fileRef = 183DA4E229CF2D2C00821AB1 /* DailyCollectionView.swift */; };
		183DA4E529CF50F900821AB1 /* CurrentCityPageView.swift in Sources */ = {isa = PBXBuildFile; fileRef = 183DA4E429CF50F900821AB1 /* CurrentCityPageView.swift */; };
		1841528229CDB90E007D357A /* SettingsStack.swift in Sources */ = {isa = PBXBuildFile; fileRef = 1841528129CDB90E007D357A /* SettingsStack.swift */; };
		1864692829CE51E800E14CE0 /* DailyCollectionViewCell.swift in Sources */ = {isa = PBXBuildFile; fileRef = 1864692729CE51E800E14CE0 /* DailyCollectionViewCell.swift */; };
		18F47A1229CB6F4F0087A53A /* Rubik.ttf in Resources */ = {isa = PBXBuildFile; fileRef = 18F47A1129CB6F4F0087A53A /* Rubik.ttf */; };
/* End PBXBuildFile section */

/* Begin PBXFileReference section */
		180A627229CE333F006EF6A2 /* WeatherCardCell.swift */ = {isa = PBXFileReference; lastKnownFileType = sourcecode.swift; path = WeatherCardCell.swift; sourceTree = "<group>"; };
		1818191F29CB3D07008C1FA5 /* WeatherNetApp.app */ = {isa = PBXFileReference; explicitFileType = wrapper.application; includeInIndex = 0; path = WeatherNetApp.app; sourceTree = BUILT_PRODUCTS_DIR; };
		1818192229CB3D07008C1FA5 /* AppDelegate.swift */ = {isa = PBXFileReference; lastKnownFileType = sourcecode.swift; path = AppDelegate.swift; sourceTree = "<group>"; };
		1818192429CB3D07008C1FA5 /* SceneDelegate.swift */ = {isa = PBXFileReference; lastKnownFileType = sourcecode.swift; path = SceneDelegate.swift; sourceTree = "<group>"; };
		1818192629CB3D07008C1FA5 /* OnboardingViewController.swift */ = {isa = PBXFileReference; lastKnownFileType = sourcecode.swift; path = OnboardingViewController.swift; sourceTree = "<group>"; };
		1818192B29CB3D08008C1FA5 /* Assets.xcassets */ = {isa = PBXFileReference; lastKnownFileType = folder.assetcatalog; path = Assets.xcassets; sourceTree = "<group>"; };
		1818192E29CB3D08008C1FA5 /* Base */ = {isa = PBXFileReference; lastKnownFileType = file.storyboard; name = Base; path = Base.lproj/LaunchScreen.storyboard; sourceTree = "<group>"; };
		1818193029CB3D08008C1FA5 /* Info.plist */ = {isa = PBXFileReference; lastKnownFileType = text.plist.xml; path = Info.plist; sourceTree = "<group>"; };
		1818193629CB4F40008C1FA5 /* Titles.swift */ = {isa = PBXFileReference; lastKnownFileType = sourcecode.swift; path = Titles.swift; sourceTree = "<group>"; };
		1818193B29CB66B2008C1FA5 /* Rubik-Regular.ttf */ = {isa = PBXFileReference; lastKnownFileType = file; path = "Rubik-Regular.ttf"; sourceTree = "<group>"; };
		1818193D29CB66CC008C1FA5 /* Rubik-Medium.ttf */ = {isa = PBXFileReference; lastKnownFileType = file; path = "Rubik-Medium.ttf"; sourceTree = "<group>"; };
		1818193F29CB66EE008C1FA5 /* Rubik-SemiBold.ttf */ = {isa = PBXFileReference; lastKnownFileType = file; path = "Rubik-SemiBold.ttf"; sourceTree = "<group>"; };
		181EC3B129CCF5A700912050 /* UIResponder+extensions.swift */ = {isa = PBXFileReference; lastKnownFileType = sourcecode.swift; path = "UIResponder+extensions.swift"; sourceTree = "<group>"; };
		181EC3B329CCFE7000912050 /* SettingsViewController.swift */ = {isa = PBXFileReference; lastKnownFileType = sourcecode.swift; path = SettingsViewController.swift; sourceTree = "<group>"; };
		181EC3B529CD016D00912050 /* OrangeButton.swift */ = {isa = PBXFileReference; lastKnownFileType = sourcecode.swift; path = OrangeButton.swift; sourceTree = "<group>"; };
		181EC3B729CD077E00912050 /* SettingsView.swift */ = {isa = PBXFileReference; lastKnownFileType = sourcecode.swift; path = SettingsView.swift; sourceTree = "<group>"; };
		18246CFF29CDEF8100516B01 /* MainScreenViewController.swift */ = {isa = PBXFileReference; lastKnownFileType = sourcecode.swift; path = MainScreenViewController.swift; sourceTree = "<group>"; };
		18246D0129CE04AD00516B01 /* DailyView.swift */ = {isa = PBXFileReference; lastKnownFileType = sourcecode.swift; path = DailyView.swift; sourceTree = "<group>"; };
		183DA4DA29CF23E700821AB1 /* Fonts.swift */ = {isa = PBXFileReference; lastKnownFileType = sourcecode.swift; path = Fonts.swift; sourceTree = "<group>"; };
		183DA4DC29CF25D500821AB1 /* UIButton+extensions.swift */ = {isa = PBXFileReference; lastKnownFileType = sourcecode.swift; path = "UIButton+extensions.swift"; sourceTree = "<group>"; };
		183DA4DE29CF2A5900821AB1 /* WeatherCardsCollectionView.swift */ = {isa = PBXFileReference; lastKnownFileType = sourcecode.swift; path = WeatherCardsCollectionView.swift; sourceTree = "<group>"; };
		183DA4E229CF2D2C00821AB1 /* DailyCollectionView.swift */ = {isa = PBXFileReference; lastKnownFileType = sourcecode.swift; path = DailyCollectionView.swift; sourceTree = "<group>"; };
		183DA4E429CF50F900821AB1 /* CurrentCityPageView.swift */ = {isa = PBXFileReference; lastKnownFileType = sourcecode.swift; path = CurrentCityPageView.swift; sourceTree = "<group>"; };
		1841528129CDB90E007D357A /* SettingsStack.swift */ = {isa = PBXFileReference; lastKnownFileType = sourcecode.swift; path = SettingsStack.swift; sourceTree = "<group>"; };
		1864692729CE51E800E14CE0 /* DailyCollectionViewCell.swift */ = {isa = PBXFileReference; lastKnownFileType = sourcecode.swift; path = DailyCollectionViewCell.swift; sourceTree = "<group>"; };
		18F47A1129CB6F4F0087A53A /* Rubik.ttf */ = {isa = PBXFileReference; lastKnownFileType = file; path = Rubik.ttf; sourceTree = "<group>"; };
/* End PBXFileReference section */

/* Begin PBXFrameworksBuildPhase section */
		1818191C29CB3D07008C1FA5 /* Frameworks */ = {
			isa = PBXFrameworksBuildPhase;
			buildActionMask = 2147483647;
			files = (
			);
			runOnlyForDeploymentPostprocessing = 0;
		};
/* End PBXFrameworksBuildPhase section */

/* Begin PBXGroup section */
		1818191629CB3D07008C1FA5 = {
			isa = PBXGroup;
			children = (
				1818192129CB3D07008C1FA5 /* WeatherNetApp */,
				1818192029CB3D07008C1FA5 /* Products */,
			);
			sourceTree = "<group>";
		};
		1818192029CB3D07008C1FA5 /* Products */ = {
			isa = PBXGroup;
			children = (
				1818191F29CB3D07008C1FA5 /* WeatherNetApp.app */,
			);
			name = Products;
			sourceTree = "<group>";
		};
		1818192129CB3D07008C1FA5 /* WeatherNetApp */ = {
			isa = PBXGroup;
			children = (
				1841528329CDD03B007D357A /* App */,
				18246CFC29CDEF4000516B01 /* Onboarding */,
				18246CFD29CDEF5000516B01 /* Settings */,
				18246CFE29CDEF6700516B01 /* MainScreen */,
				184626BB29CDD13B00831A98 /* Resources */,
				184626BC29CDD18E00831A98 /* CustomUI */,
				1818192B29CB3D08008C1FA5 /* Assets.xcassets */,
			);
			path = WeatherNetApp;
			sourceTree = "<group>";
		};
		1818193829CB655C008C1FA5 /* Fonts */ = {
			isa = PBXGroup;
			children = (
				18F47A1129CB6F4F0087A53A /* Rubik.ttf */,
				1818193B29CB66B2008C1FA5 /* Rubik-Regular.ttf */,
				1818193D29CB66CC008C1FA5 /* Rubik-Medium.ttf */,
				1818193F29CB66EE008C1FA5 /* Rubik-SemiBold.ttf */,
				183DA4DA29CF23E700821AB1 /* Fonts.swift */,
			);
			path = Fonts;
			sourceTree = "<group>";
		};
		18246CFC29CDEF4000516B01 /* Onboarding */ = {
			isa = PBXGroup;
			children = (
				1818192629CB3D07008C1FA5 /* OnboardingViewController.swift */,
			);
			path = Onboarding;
			sourceTree = "<group>";
		};
		18246CFD29CDEF5000516B01 /* Settings */ = {
			isa = PBXGroup;
			children = (
				181EC3B329CCFE7000912050 /* SettingsViewController.swift */,
				181EC3B729CD077E00912050 /* SettingsView.swift */,
			);
			path = Settings;
			sourceTree = "<group>";
		};
		18246CFE29CDEF6700516B01 /* MainScreen */ = {
			isa = PBXGroup;
			children = (
				18246CFF29CDEF8100516B01 /* MainScreenViewController.swift */,
				183DA4E029CF2CE100821AB1 /* View */,
				183DA4E129CF2CF600821AB1 /* Cell */,
			);
			path = MainScreen;
			sourceTree = "<group>";
		};
		183DA4E029CF2CE100821AB1 /* View */ = {
			isa = PBXGroup;
			children = (
				18246D0129CE04AD00516B01 /* DailyView.swift */,
				183DA4DE29CF2A5900821AB1 /* WeatherCardsCollectionView.swift */,
				183DA4E229CF2D2C00821AB1 /* DailyCollectionView.swift */,
				183DA4E429CF50F900821AB1 /* CurrentCityPageView.swift */,
			);
			path = View;
			sourceTree = "<group>";
		};
		183DA4E129CF2CF600821AB1 /* Cell */ = {
			isa = PBXGroup;
			children = (
				180A627229CE333F006EF6A2 /* WeatherCardCell.swift */,
				1864692729CE51E800E14CE0 /* DailyCollectionViewCell.swift */,
			);
			path = Cell;
			sourceTree = "<group>";
		};
		1841528329CDD03B007D357A /* App */ = {
			isa = PBXGroup;
			children = (
				1818192229CB3D07008C1FA5 /* AppDelegate.swift */,
				1818192429CB3D07008C1FA5 /* SceneDelegate.swift */,
				1818192D29CB3D08008C1FA5 /* LaunchScreen.storyboard */,
				1818193029CB3D08008C1FA5 /* Info.plist */,
			);
			path = App;
			sourceTree = "<group>";
		};
		184626BB29CDD13B00831A98 /* Resources */ = {
			isa = PBXGroup;
			children = (
				1818193829CB655C008C1FA5 /* Fonts */,
				1818193629CB4F40008C1FA5 /* Titles.swift */,
			);
			path = Resources;
			sourceTree = "<group>";
		};
		184626BC29CDD18E00831A98 /* CustomUI */ = {
			isa = PBXGroup;
			children = (
				1841528129CDB90E007D357A /* SettingsStack.swift */,
				181EC3B529CD016D00912050 /* OrangeButton.swift */,
				181EC3B129CCF5A700912050 /* UIResponder+extensions.swift */,
				183DA4DC29CF25D500821AB1 /* UIButton+extensions.swift */,
			);
			path = CustomUI;
			sourceTree = "<group>";
		};
/* End PBXGroup section */

/* Begin PBXNativeTarget section */
		1818191E29CB3D07008C1FA5 /* WeatherNetApp */ = {
			isa = PBXNativeTarget;
			buildConfigurationList = 1818193329CB3D08008C1FA5 /* Build configuration list for PBXNativeTarget "WeatherNetApp" */;
			buildPhases = (
				1818191B29CB3D07008C1FA5 /* Sources */,
				1818191C29CB3D07008C1FA5 /* Frameworks */,
				1818191D29CB3D07008C1FA5 /* Resources */,
			);
			buildRules = (
			);
			dependencies = (
			);
			name = WeatherNetApp;
			productName = WeatherNetApp;
			productReference = 1818191F29CB3D07008C1FA5 /* WeatherNetApp.app */;
			productType = "com.apple.product-type.application";
		};
/* End PBXNativeTarget section */

/* Begin PBXProject section */
		1818191729CB3D07008C1FA5 /* Project object */ = {
			isa = PBXProject;
			attributes = {
				BuildIndependentTargetsInParallel = 1;
				LastSwiftUpdateCheck = 1420;
				LastUpgradeCheck = 1420;
				TargetAttributes = {
					1818191E29CB3D07008C1FA5 = {
						CreatedOnToolsVersion = 14.2;
					};
				};
			};
			buildConfigurationList = 1818191A29CB3D07008C1FA5 /* Build configuration list for PBXProject "WeatherNetApp" */;
			compatibilityVersion = "Xcode 14.0";
			developmentRegion = en;
			hasScannedForEncodings = 0;
			knownRegions = (
				en,
				Base,
			);
			mainGroup = 1818191629CB3D07008C1FA5;
			productRefGroup = 1818192029CB3D07008C1FA5 /* Products */;
			projectDirPath = "";
			projectRoot = "";
			targets = (
				1818191E29CB3D07008C1FA5 /* WeatherNetApp */,
			);
		};
/* End PBXProject section */

/* Begin PBXResourcesBuildPhase section */
		1818191D29CB3D07008C1FA5 /* Resources */ = {
			isa = PBXResourcesBuildPhase;
			buildActionMask = 2147483647;
			files = (
				1818192F29CB3D08008C1FA5 /* LaunchScreen.storyboard in Resources */,
				1818193C29CB66B2008C1FA5 /* Rubik-Regular.ttf in Resources */,
				1818194029CB66EE008C1FA5 /* Rubik-SemiBold.ttf in Resources */,
				1818192C29CB3D08008C1FA5 /* Assets.xcassets in Resources */,
				18F47A1229CB6F4F0087A53A /* Rubik.ttf in Resources */,
				1818193E29CB66CC008C1FA5 /* Rubik-Medium.ttf in Resources */,
			);
			runOnlyForDeploymentPostprocessing = 0;
		};
/* End PBXResourcesBuildPhase section */

/* Begin PBXSourcesBuildPhase section */
		1818191B29CB3D07008C1FA5 /* Sources */ = {
			isa = PBXSourcesBuildPhase;
			buildActionMask = 2147483647;
			files = (
				183DA4DD29CF25D500821AB1 /* UIButton+extensions.swift in Sources */,
				183DA4DB29CF23E700821AB1 /* Fonts.swift in Sources */,
				1864692829CE51E800E14CE0 /* DailyCollectionViewCell.swift in Sources */,
				1818192729CB3D07008C1FA5 /* OnboardingViewController.swift in Sources */,
				1818193729CB4F40008C1FA5 /* Titles.swift in Sources */,
				18246D0229CE04AD00516B01 /* DailyView.swift in Sources */,
				181EC3B229CCF5A700912050 /* UIResponder+extensions.swift in Sources */,
				1818192329CB3D07008C1FA5 /* AppDelegate.swift in Sources */,
				183DA4E529CF50F900821AB1 /* CurrentCityPageView.swift in Sources */,
				181EC3B629CD016D00912050 /* OrangeButton.swift in Sources */,
				18246D0029CDEF8100516B01 /* MainScreenViewController.swift in Sources */,
				181EC3B829CD077E00912050 /* SettingsView.swift in Sources */,
				183DA4E329CF2D2C00821AB1 /* DailyCollectionView.swift in Sources */,
				1818192529CB3D07008C1FA5 /* SceneDelegate.swift in Sources */,
				1841528229CDB90E007D357A /* SettingsStack.swift in Sources */,
				180A627329CE333F006EF6A2 /* WeatherCardCell.swift in Sources */,
				183DA4DF29CF2A5900821AB1 /* WeatherCardsCollectionView.swift in Sources */,
				181EC3B429CCFE7000912050 /* SettingsViewController.swift in Sources */,
			);
			runOnlyForDeploymentPostprocessing = 0;
		};
/* End PBXSourcesBuildPhase section */

/* Begin PBXVariantGroup section */
		1818192D29CB3D08008C1FA5 /* LaunchScreen.storyboard */ = {
			isa = PBXVariantGroup;
			children = (
				1818192E29CB3D08008C1FA5 /* Base */,
			);
			name = LaunchScreen.storyboard;
			sourceTree = "<group>";
		};
/* End PBXVariantGroup section */

/* Begin XCBuildConfiguration section */
		1818193129CB3D08008C1FA5 /* Debug */ = {
			isa = XCBuildConfiguration;
			buildSettings = {
				ALWAYS_SEARCH_USER_PATHS = NO;
				CLANG_ANALYZER_NONNULL = YES;
				CLANG_ANALYZER_NUMBER_OBJECT_CONVERSION = YES_AGGRESSIVE;
				CLANG_CXX_LANGUAGE_STANDARD = "gnu++20";
				CLANG_ENABLE_MODULES = YES;
				CLANG_ENABLE_OBJC_ARC = YES;
				CLANG_ENABLE_OBJC_WEAK = YES;
				CLANG_WARN_BLOCK_CAPTURE_AUTORELEASING = YES;
				CLANG_WARN_BOOL_CONVERSION = YES;
				CLANG_WARN_COMMA = YES;
				CLANG_WARN_CONSTANT_CONVERSION = YES;
				CLANG_WARN_DEPRECATED_OBJC_IMPLEMENTATIONS = YES;
				CLANG_WARN_DIRECT_OBJC_ISA_USAGE = YES_ERROR;
				CLANG_WARN_DOCUMENTATION_COMMENTS = YES;
				CLANG_WARN_EMPTY_BODY = YES;
				CLANG_WARN_ENUM_CONVERSION = YES;
				CLANG_WARN_INFINITE_RECURSION = YES;
				CLANG_WARN_INT_CONVERSION = YES;
				CLANG_WARN_NON_LITERAL_NULL_CONVERSION = YES;
				CLANG_WARN_OBJC_IMPLICIT_RETAIN_SELF = YES;
				CLANG_WARN_OBJC_LITERAL_CONVERSION = YES;
				CLANG_WARN_OBJC_ROOT_CLASS = YES_ERROR;
				CLANG_WARN_QUOTED_INCLUDE_IN_FRAMEWORK_HEADER = YES;
				CLANG_WARN_RANGE_LOOP_ANALYSIS = YES;
				CLANG_WARN_STRICT_PROTOTYPES = YES;
				CLANG_WARN_SUSPICIOUS_MOVE = YES;
				CLANG_WARN_UNGUARDED_AVAILABILITY = YES_AGGRESSIVE;
				CLANG_WARN_UNREACHABLE_CODE = YES;
				CLANG_WARN__DUPLICATE_METHOD_MATCH = YES;
				COPY_PHASE_STRIP = NO;
				DEBUG_INFORMATION_FORMAT = dwarf;
				ENABLE_STRICT_OBJC_MSGSEND = YES;
				ENABLE_TESTABILITY = YES;
				GCC_C_LANGUAGE_STANDARD = gnu11;
				GCC_DYNAMIC_NO_PIC = NO;
				GCC_NO_COMMON_BLOCKS = YES;
				GCC_OPTIMIZATION_LEVEL = 0;
				GCC_PREPROCESSOR_DEFINITIONS = (
					"DEBUG=1",
					"$(inherited)",
				);
				GCC_WARN_64_TO_32_BIT_CONVERSION = YES;
				GCC_WARN_ABOUT_RETURN_TYPE = YES_ERROR;
				GCC_WARN_UNDECLARED_SELECTOR = YES;
				GCC_WARN_UNINITIALIZED_AUTOS = YES_AGGRESSIVE;
				GCC_WARN_UNUSED_FUNCTION = YES;
				GCC_WARN_UNUSED_VARIABLE = YES;
				IPHONEOS_DEPLOYMENT_TARGET = 16.2;
				MTL_ENABLE_DEBUG_INFO = INCLUDE_SOURCE;
				MTL_FAST_MATH = YES;
				ONLY_ACTIVE_ARCH = YES;
				SDKROOT = iphoneos;
				SWIFT_ACTIVE_COMPILATION_CONDITIONS = DEBUG;
				SWIFT_OPTIMIZATION_LEVEL = "-Onone";
			};
			name = Debug;
		};
		1818193229CB3D08008C1FA5 /* Release */ = {
			isa = XCBuildConfiguration;
			buildSettings = {
				ALWAYS_SEARCH_USER_PATHS = NO;
				CLANG_ANALYZER_NONNULL = YES;
				CLANG_ANALYZER_NUMBER_OBJECT_CONVERSION = YES_AGGRESSIVE;
				CLANG_CXX_LANGUAGE_STANDARD = "gnu++20";
				CLANG_ENABLE_MODULES = YES;
				CLANG_ENABLE_OBJC_ARC = YES;
				CLANG_ENABLE_OBJC_WEAK = YES;
				CLANG_WARN_BLOCK_CAPTURE_AUTORELEASING = YES;
				CLANG_WARN_BOOL_CONVERSION = YES;
				CLANG_WARN_COMMA = YES;
				CLANG_WARN_CONSTANT_CONVERSION = YES;
				CLANG_WARN_DEPRECATED_OBJC_IMPLEMENTATIONS = YES;
				CLANG_WARN_DIRECT_OBJC_ISA_USAGE = YES_ERROR;
				CLANG_WARN_DOCUMENTATION_COMMENTS = YES;
				CLANG_WARN_EMPTY_BODY = YES;
				CLANG_WARN_ENUM_CONVERSION = YES;
				CLANG_WARN_INFINITE_RECURSION = YES;
				CLANG_WARN_INT_CONVERSION = YES;
				CLANG_WARN_NON_LITERAL_NULL_CONVERSION = YES;
				CLANG_WARN_OBJC_IMPLICIT_RETAIN_SELF = YES;
				CLANG_WARN_OBJC_LITERAL_CONVERSION = YES;
				CLANG_WARN_OBJC_ROOT_CLASS = YES_ERROR;
				CLANG_WARN_QUOTED_INCLUDE_IN_FRAMEWORK_HEADER = YES;
				CLANG_WARN_RANGE_LOOP_ANALYSIS = YES;
				CLANG_WARN_STRICT_PROTOTYPES = YES;
				CLANG_WARN_SUSPICIOUS_MOVE = YES;
				CLANG_WARN_UNGUARDED_AVAILABILITY = YES_AGGRESSIVE;
				CLANG_WARN_UNREACHABLE_CODE = YES;
				CLANG_WARN__DUPLICATE_METHOD_MATCH = YES;
				COPY_PHASE_STRIP = NO;
				DEBUG_INFORMATION_FORMAT = "dwarf-with-dsym";
				ENABLE_NS_ASSERTIONS = NO;
				ENABLE_STRICT_OBJC_MSGSEND = YES;
				GCC_C_LANGUAGE_STANDARD = gnu11;
				GCC_NO_COMMON_BLOCKS = YES;
				GCC_WARN_64_TO_32_BIT_CONVERSION = YES;
				GCC_WARN_ABOUT_RETURN_TYPE = YES_ERROR;
				GCC_WARN_UNDECLARED_SELECTOR = YES;
				GCC_WARN_UNINITIALIZED_AUTOS = YES_AGGRESSIVE;
				GCC_WARN_UNUSED_FUNCTION = YES;
				GCC_WARN_UNUSED_VARIABLE = YES;
				IPHONEOS_DEPLOYMENT_TARGET = 16.2;
				MTL_ENABLE_DEBUG_INFO = NO;
				MTL_FAST_MATH = YES;
				SDKROOT = iphoneos;
				SWIFT_COMPILATION_MODE = wholemodule;
				SWIFT_OPTIMIZATION_LEVEL = "-O";
				VALIDATE_PRODUCT = YES;
			};
			name = Release;
		};
		1818193429CB3D08008C1FA5 /* Debug */ = {
			isa = XCBuildConfiguration;
			buildSettings = {
				ASSETCATALOG_COMPILER_APPICON_NAME = AppIcon;
				ASSETCATALOG_COMPILER_GLOBAL_ACCENT_COLOR_NAME = AccentColor;
				CODE_SIGN_STYLE = Automatic;
				CURRENT_PROJECT_VERSION = 1;
				DEVELOPMENT_TEAM = 4V4XBFRF5Z;
				GENERATE_INFOPLIST_FILE = YES;
				INFOPLIST_FILE = WeatherNetApp/App/Info.plist;
				INFOPLIST_KEY_LSApplicationCategoryType = "public.app-category.weather";
				INFOPLIST_KEY_UIApplicationSupportsIndirectInputEvents = YES;
				INFOPLIST_KEY_UILaunchStoryboardName = LaunchScreen;
				INFOPLIST_KEY_UISupportedInterfaceOrientations = UIInterfaceOrientationPortrait;
				IPHONEOS_DEPLOYMENT_TARGET = 15.1;
				LD_RUNPATH_SEARCH_PATHS = (
					"$(inherited)",
					"@executable_path/Frameworks",
				);
				MARKETING_VERSION = 1.0;
				PRODUCT_BUNDLE_IDENTIFIER = PG.WeatherNetApp;
				PRODUCT_NAME = "$(TARGET_NAME)";
				SUPPORTED_PLATFORMS = "iphoneos iphonesimulator";
				SUPPORTS_MACCATALYST = NO;
				SUPPORTS_MAC_DESIGNED_FOR_IPHONE_IPAD = NO;
				SWIFT_EMIT_LOC_STRINGS = YES;
				SWIFT_VERSION = 5.0;
				TARGETED_DEVICE_FAMILY = "1,2";
			};
			name = Debug;
		};
		1818193529CB3D08008C1FA5 /* Release */ = {
			isa = XCBuildConfiguration;
			buildSettings = {
				ASSETCATALOG_COMPILER_APPICON_NAME = AppIcon;
				ASSETCATALOG_COMPILER_GLOBAL_ACCENT_COLOR_NAME = AccentColor;
				CODE_SIGN_STYLE = Automatic;
				CURRENT_PROJECT_VERSION = 1;
				DEVELOPMENT_TEAM = 4V4XBFRF5Z;
				GENERATE_INFOPLIST_FILE = YES;
				INFOPLIST_FILE = WeatherNetApp/App/Info.plist;
				INFOPLIST_KEY_LSApplicationCategoryType = "public.app-category.weather";
				INFOPLIST_KEY_UIApplicationSupportsIndirectInputEvents = YES;
				INFOPLIST_KEY_UILaunchStoryboardName = LaunchScreen;
				INFOPLIST_KEY_UISupportedInterfaceOrientations = UIInterfaceOrientationPortrait;
				IPHONEOS_DEPLOYMENT_TARGET = 15.1;
				LD_RUNPATH_SEARCH_PATHS = (
					"$(inherited)",
					"@executable_path/Frameworks",
				);
				MARKETING_VERSION = 1.0;
				PRODUCT_BUNDLE_IDENTIFIER = PG.WeatherNetApp;
				PRODUCT_NAME = "$(TARGET_NAME)";
				SUPPORTED_PLATFORMS = "iphoneos iphonesimulator";
				SUPPORTS_MACCATALYST = NO;
				SUPPORTS_MAC_DESIGNED_FOR_IPHONE_IPAD = NO;
				SWIFT_EMIT_LOC_STRINGS = YES;
				SWIFT_VERSION = 5.0;
				TARGETED_DEVICE_FAMILY = "1,2";
			};
			name = Release;
		};
/* End XCBuildConfiguration section */

/* Begin XCConfigurationList section */
		1818191A29CB3D07008C1FA5 /* Build configuration list for PBXProject "WeatherNetApp" */ = {
			isa = XCConfigurationList;
			buildConfigurations = (
				1818193129CB3D08008C1FA5 /* Debug */,
				1818193229CB3D08008C1FA5 /* Release */,
			);
			defaultConfigurationIsVisible = 0;
			defaultConfigurationName = Release;
		};
		1818193329CB3D08008C1FA5 /* Build configuration list for PBXNativeTarget "WeatherNetApp" */ = {
			isa = XCConfigurationList;
			buildConfigurations = (
				1818193429CB3D08008C1FA5 /* Debug */,
				1818193529CB3D08008C1FA5 /* Release */,
			);
			defaultConfigurationIsVisible = 0;
			defaultConfigurationName = Release;
		};
/* End XCConfigurationList section */
	};
	rootObject = 1818191729CB3D07008C1FA5 /* Project object */;
}
